// !$*UTF8*$!
{
	archiveVersion = 1;
	classes = {
	};
	objectVersion = 51;
	objects = {

/* Begin PBXBuildFile section */
		5DA090765F1638C9459F4B70 /* Pods_P3L_Kouvee_Remake.framework in Frameworks */ = {isa = PBXBuildFile; fileRef = 23869D0AF4F6D5EC75B545EA /* Pods_P3L_Kouvee_Remake.framework */; };
		842C022D244DC36800CA2BF5 /* AppDelegate.swift in Sources */ = {isa = PBXBuildFile; fileRef = 842C022C244DC36800CA2BF5 /* AppDelegate.swift */; };
		842C022F244DC36800CA2BF5 /* SceneDelegate.swift in Sources */ = {isa = PBXBuildFile; fileRef = 842C022E244DC36800CA2BF5 /* SceneDelegate.swift */; };
		842C0231244DC36800CA2BF5 /* LoginViewController.swift in Sources */ = {isa = PBXBuildFile; fileRef = 842C0230244DC36800CA2BF5 /* LoginViewController.swift */; };
		842C0234244DC36800CA2BF5 /* Main.storyboard in Resources */ = {isa = PBXBuildFile; fileRef = 842C0232244DC36800CA2BF5 /* Main.storyboard */; };
		842C0236244DC36B00CA2BF5 /* Assets.xcassets in Resources */ = {isa = PBXBuildFile; fileRef = 842C0235244DC36B00CA2BF5 /* Assets.xcassets */; };
		842C0239244DC36B00CA2BF5 /* LaunchScreen.storyboard in Resources */ = {isa = PBXBuildFile; fileRef = 842C0237244DC36B00CA2BF5 /* LaunchScreen.storyboard */; };
		842C0244244DCE5200CA2BF5 /* Customer.swift in Sources */ = {isa = PBXBuildFile; fileRef = 842C0243244DCE5200CA2BF5 /* Customer.swift */; };
		842C0247244DCFAF00CA2BF5 /* TableViewCell.swift in Sources */ = {isa = PBXBuildFile; fileRef = 842C0245244DCFAF00CA2BF5 /* TableViewCell.swift */; };
		842C0248244DCFAF00CA2BF5 /* TableViewCell.xib in Resources */ = {isa = PBXBuildFile; fileRef = 842C0246244DCFAF00CA2BF5 /* TableViewCell.xib */; };
		842C024B244DD73000CA2BF5 /* CustomerManager.swift in Sources */ = {isa = PBXBuildFile; fileRef = 842C024A244DD73000CA2BF5 /* CustomerManager.swift */; };
		842C024D244DD75200CA2BF5 /* Constant.swift in Sources */ = {isa = PBXBuildFile; fileRef = 842C024C244DD75200CA2BF5 /* Constant.swift */; };
		842C0250244DDFF400CA2BF5 /* Login.swift in Sources */ = {isa = PBXBuildFile; fileRef = 842C024F244DDFF400CA2BF5 /* Login.swift */; };
		842C0252244DE02600CA2BF5 /* LoginManager.swift in Sources */ = {isa = PBXBuildFile; fileRef = 842C0251244DE02600CA2BF5 /* LoginManager.swift */; };
		842C0256244E040500CA2BF5 /* CustomerViewController.swift in Sources */ = {isa = PBXBuildFile; fileRef = 842C0255244E040500CA2BF5 /* CustomerViewController.swift */; };
		842C0259244E062300CA2BF5 /* CustomerDetailViewController.swift in Sources */ = {isa = PBXBuildFile; fileRef = 842C0258244E062300CA2BF5 /* CustomerDetailViewController.swift */; };
		84ED2EA4244EB8BC00C8A107 /* Supplier.swift in Sources */ = {isa = PBXBuildFile; fileRef = 84ED2EA3244EB8BC00C8A107 /* Supplier.swift */; };
		84ED2EA6244EB8F800C8A107 /* SupplierManager.swift in Sources */ = {isa = PBXBuildFile; fileRef = 84ED2EA5244EB8F800C8A107 /* SupplierManager.swift */; };
		84ED2EA8244EBA8600C8A107 /* SupplierViewController.swift in Sources */ = {isa = PBXBuildFile; fileRef = 84ED2EA7244EBA8600C8A107 /* SupplierViewController.swift */; };
		84ED2EAA244EBA9500C8A107 /* SupplierDetailViewController.swift in Sources */ = {isa = PBXBuildFile; fileRef = 84ED2EA9244EBA9500C8A107 /* SupplierDetailViewController.swift */; };
		84ED2EAF244F2C7A00C8A107 /* JenisHewan.swift in Sources */ = {isa = PBXBuildFile; fileRef = 84ED2EAE244F2C7A00C8A107 /* JenisHewan.swift */; };
		84ED2EB1244F2C8700C8A107 /* JenisHewanManager.swift in Sources */ = {isa = PBXBuildFile; fileRef = 84ED2EB0244F2C8700C8A107 /* JenisHewanManager.swift */; };
		84ED2EB3244F2C9400C8A107 /* UkuranHewan.swift in Sources */ = {isa = PBXBuildFile; fileRef = 84ED2EB2244F2C9400C8A107 /* UkuranHewan.swift */; };
		84ED2EB5244F2C9D00C8A107 /* UkuranHewanManager.swift in Sources */ = {isa = PBXBuildFile; fileRef = 84ED2EB4244F2C9D00C8A107 /* UkuranHewanManager.swift */; };
		84ED2EB7244F2CA600C8A107 /* Hewan.swift in Sources */ = {isa = PBXBuildFile; fileRef = 84ED2EB6244F2CA600C8A107 /* Hewan.swift */; };
		84ED2EB9244F2CB300C8A107 /* HewanManager.swift in Sources */ = {isa = PBXBuildFile; fileRef = 84ED2EB8244F2CB300C8A107 /* HewanManager.swift */; };
		84ED2EBC244F31CF00C8A107 /* HewanViewController.swift in Sources */ = {isa = PBXBuildFile; fileRef = 84ED2EBB244F31CF00C8A107 /* HewanViewController.swift */; };
		84ED2EBE244F31DC00C8A107 /* HewanDetailViewController.swift in Sources */ = {isa = PBXBuildFile; fileRef = 84ED2EBD244F31DC00C8A107 /* HewanDetailViewController.swift */; };
		84ED2EC0244F39DF00C8A107 /* HewanDetailExtension.swift in Sources */ = {isa = PBXBuildFile; fileRef = 84ED2EBF244F39DF00C8A107 /* HewanDetailExtension.swift */; };
		84ED2EC3244F457100C8A107 /* UkuranHewanViewController.swift in Sources */ = {isa = PBXBuildFile; fileRef = 84ED2EC2244F457100C8A107 /* UkuranHewanViewController.swift */; };
		84ED2EC5244F458E00C8A107 /* UkuranHewanDetailViewController.swift in Sources */ = {isa = PBXBuildFile; fileRef = 84ED2EC4244F458E00C8A107 /* UkuranHewanDetailViewController.swift */; };
		84ED2EC8244F4D6600C8A107 /* JenisHewanViewController.swift in Sources */ = {isa = PBXBuildFile; fileRef = 84ED2EC7244F4D6600C8A107 /* JenisHewanViewController.swift */; };
		84ED2ECA244F4D7300C8A107 /* JenisHewanDetailViewController.swift in Sources */ = {isa = PBXBuildFile; fileRef = 84ED2EC9244F4D7300C8A107 /* JenisHewanDetailViewController.swift */; };
		84ED2ECE2450718800C8A107 /* ProdukBarang.swift in Sources */ = {isa = PBXBuildFile; fileRef = 84ED2ECD2450718800C8A107 /* ProdukBarang.swift */; };
		84ED2ED02450719A00C8A107 /* ProdukBarangManager.swift in Sources */ = {isa = PBXBuildFile; fileRef = 84ED2ECF2450719A00C8A107 /* ProdukBarangManager.swift */; };
		84ED2ED4245071C600C8A107 /* ProdukBarangViewController.swift in Sources */ = {isa = PBXBuildFile; fileRef = 84ED2ED3245071C600C8A107 /* ProdukBarangViewController.swift */; };
		84ED2ED6245071D700C8A107 /* ProdukBarangDetailViewController.swift in Sources */ = {isa = PBXBuildFile; fileRef = 84ED2ED5245071D700C8A107 /* ProdukBarangDetailViewController.swift */; };
		84FCCF562455B98F0099F3F4 /* ProdukLayanan.swift in Sources */ = {isa = PBXBuildFile; fileRef = 84FCCF552455B98F0099F3F4 /* ProdukLayanan.swift */; };
		84FCCF582455B99A0099F3F4 /* ProdukLayananManager.swift in Sources */ = {isa = PBXBuildFile; fileRef = 84FCCF572455B99A0099F3F4 /* ProdukLayananManager.swift */; };
		84FCCF5B2455BBAB0099F3F4 /* HargaLayanan.swift in Sources */ = {isa = PBXBuildFile; fileRef = 84FCCF5A2455BBAB0099F3F4 /* HargaLayanan.swift */; };
		84FCCF5D2455BBB60099F3F4 /* HargaLayananManager.swift in Sources */ = {isa = PBXBuildFile; fileRef = 84FCCF5C2455BBB60099F3F4 /* HargaLayananManager.swift */; };
		84FCCF602455BD0E0099F3F4 /* ProdukLayananViewController.swift in Sources */ = {isa = PBXBuildFile; fileRef = 84FCCF5F2455BD0E0099F3F4 /* ProdukLayananViewController.swift */; };
		84FCCF622455BD3C0099F3F4 /* ProdukLayananDetailViewController.swift in Sources */ = {isa = PBXBuildFile; fileRef = 84FCCF612455BD3C0099F3F4 /* ProdukLayananDetailViewController.swift */; };
		84FCCF642456BE5B0099F3F4 /* ProdukLayananExtension.swift in Sources */ = {isa = PBXBuildFile; fileRef = 84FCCF632456BE5B0099F3F4 /* ProdukLayananExtension.swift */; };
		84FCCF662456C2970099F3F4 /* LayananViewController.swift in Sources */ = {isa = PBXBuildFile; fileRef = 84FCCF652456C2970099F3F4 /* LayananViewController.swift */; };
		84FCCF692458975C0099F3F4 /* RincianPengadaan.swift in Sources */ = {isa = PBXBuildFile; fileRef = 84FCCF682458975C0099F3F4 /* RincianPengadaan.swift */; };
		84FCCF6B2458977C0099F3F4 /* PengadaanBarang.swift in Sources */ = {isa = PBXBuildFile; fileRef = 84FCCF6A2458977C0099F3F4 /* PengadaanBarang.swift */; };
		84FCCF6E245897980099F3F4 /* PengadaanBarangManager.swift in Sources */ = {isa = PBXBuildFile; fileRef = 84FCCF6D245897980099F3F4 /* PengadaanBarangManager.swift */; };
		84FCCF70245897B10099F3F4 /* RincianPengadaanManager.swift in Sources */ = {isa = PBXBuildFile; fileRef = 84FCCF6F245897B10099F3F4 /* RincianPengadaanManager.swift */; };
		84FCCF73245899F10099F3F4 /* PengadaanBarangViewController.swift in Sources */ = {isa = PBXBuildFile; fileRef = 84FCCF72245899F10099F3F4 /* PengadaanBarangViewController.swift */; };
		84FCCF7524589AD40099F3F4 /* PengadaanBarangDetailViewController.swift in Sources */ = {isa = PBXBuildFile; fileRef = 84FCCF7424589AD30099F3F4 /* PengadaanBarangDetailViewController.swift */; };
/* End PBXBuildFile section */

/* Begin PBXFileReference section */
		23869D0AF4F6D5EC75B545EA /* Pods_P3L_Kouvee_Remake.framework */ = {isa = PBXFileReference; explicitFileType = wrapper.framework; includeInIndex = 0; path = Pods_P3L_Kouvee_Remake.framework; sourceTree = BUILT_PRODUCTS_DIR; };
		645D7A488FFC6B5493A049EE /* Pods-P3L_Kouvee_Remake.release.xcconfig */ = {isa = PBXFileReference; includeInIndex = 1; lastKnownFileType = text.xcconfig; name = "Pods-P3L_Kouvee_Remake.release.xcconfig"; path = "Target Support Files/Pods-P3L_Kouvee_Remake/Pods-P3L_Kouvee_Remake.release.xcconfig"; sourceTree = "<group>"; };
		842C0229244DC36800CA2BF5 /* P3L_Kouvee_Remake.app */ = {isa = PBXFileReference; explicitFileType = wrapper.application; includeInIndex = 0; path = P3L_Kouvee_Remake.app; sourceTree = BUILT_PRODUCTS_DIR; };
		842C022C244DC36800CA2BF5 /* AppDelegate.swift */ = {isa = PBXFileReference; lastKnownFileType = sourcecode.swift; path = AppDelegate.swift; sourceTree = "<group>"; };
		842C022E244DC36800CA2BF5 /* SceneDelegate.swift */ = {isa = PBXFileReference; lastKnownFileType = sourcecode.swift; path = SceneDelegate.swift; sourceTree = "<group>"; };
		842C0230244DC36800CA2BF5 /* LoginViewController.swift */ = {isa = PBXFileReference; lastKnownFileType = sourcecode.swift; path = LoginViewController.swift; sourceTree = "<group>"; };
		842C0233244DC36800CA2BF5 /* Base */ = {isa = PBXFileReference; lastKnownFileType = file.storyboard; name = Base; path = Base.lproj/Main.storyboard; sourceTree = "<group>"; };
		842C0235244DC36B00CA2BF5 /* Assets.xcassets */ = {isa = PBXFileReference; lastKnownFileType = folder.assetcatalog; path = Assets.xcassets; sourceTree = "<group>"; };
		842C0238244DC36B00CA2BF5 /* Base */ = {isa = PBXFileReference; lastKnownFileType = file.storyboard; name = Base; path = Base.lproj/LaunchScreen.storyboard; sourceTree = "<group>"; };
		842C023A244DC36B00CA2BF5 /* Info.plist */ = {isa = PBXFileReference; lastKnownFileType = text.plist.xml; path = Info.plist; sourceTree = "<group>"; };
		842C0243244DCE5200CA2BF5 /* Customer.swift */ = {isa = PBXFileReference; lastKnownFileType = sourcecode.swift; path = Customer.swift; sourceTree = "<group>"; };
		842C0245244DCFAF00CA2BF5 /* TableViewCell.swift */ = {isa = PBXFileReference; lastKnownFileType = sourcecode.swift; path = TableViewCell.swift; sourceTree = "<group>"; };
		842C0246244DCFAF00CA2BF5 /* TableViewCell.xib */ = {isa = PBXFileReference; lastKnownFileType = file.xib; path = TableViewCell.xib; sourceTree = "<group>"; };
		842C024A244DD73000CA2BF5 /* CustomerManager.swift */ = {isa = PBXFileReference; lastKnownFileType = sourcecode.swift; path = CustomerManager.swift; sourceTree = "<group>"; };
		842C024C244DD75200CA2BF5 /* Constant.swift */ = {isa = PBXFileReference; lastKnownFileType = sourcecode.swift; path = Constant.swift; sourceTree = "<group>"; };
		842C024F244DDFF400CA2BF5 /* Login.swift */ = {isa = PBXFileReference; lastKnownFileType = sourcecode.swift; path = Login.swift; sourceTree = "<group>"; };
		842C0251244DE02600CA2BF5 /* LoginManager.swift */ = {isa = PBXFileReference; lastKnownFileType = sourcecode.swift; path = LoginManager.swift; sourceTree = "<group>"; };
		842C0255244E040500CA2BF5 /* CustomerViewController.swift */ = {isa = PBXFileReference; lastKnownFileType = sourcecode.swift; path = CustomerViewController.swift; sourceTree = "<group>"; };
		842C0258244E062300CA2BF5 /* CustomerDetailViewController.swift */ = {isa = PBXFileReference; lastKnownFileType = sourcecode.swift; path = CustomerDetailViewController.swift; sourceTree = "<group>"; };
		84A7EC1E245F11AB00DD0059 /* P3L_Kouvee_Remake.entitlements */ = {isa = PBXFileReference; lastKnownFileType = text.plist.entitlements; path = P3L_Kouvee_Remake.entitlements; sourceTree = "<group>"; };
		84ED2EA3244EB8BC00C8A107 /* Supplier.swift */ = {isa = PBXFileReference; lastKnownFileType = sourcecode.swift; path = Supplier.swift; sourceTree = "<group>"; };
		84ED2EA5244EB8F800C8A107 /* SupplierManager.swift */ = {isa = PBXFileReference; lastKnownFileType = sourcecode.swift; path = SupplierManager.swift; sourceTree = "<group>"; };
		84ED2EA7244EBA8600C8A107 /* SupplierViewController.swift */ = {isa = PBXFileReference; lastKnownFileType = sourcecode.swift; path = SupplierViewController.swift; sourceTree = "<group>"; };
		84ED2EA9244EBA9500C8A107 /* SupplierDetailViewController.swift */ = {isa = PBXFileReference; lastKnownFileType = sourcecode.swift; path = SupplierDetailViewController.swift; sourceTree = "<group>"; };
		84ED2EAE244F2C7A00C8A107 /* JenisHewan.swift */ = {isa = PBXFileReference; lastKnownFileType = sourcecode.swift; path = JenisHewan.swift; sourceTree = "<group>"; };
		84ED2EB0244F2C8700C8A107 /* JenisHewanManager.swift */ = {isa = PBXFileReference; lastKnownFileType = sourcecode.swift; path = JenisHewanManager.swift; sourceTree = "<group>"; };
		84ED2EB2244F2C9400C8A107 /* UkuranHewan.swift */ = {isa = PBXFileReference; lastKnownFileType = sourcecode.swift; path = UkuranHewan.swift; sourceTree = "<group>"; };
		84ED2EB4244F2C9D00C8A107 /* UkuranHewanManager.swift */ = {isa = PBXFileReference; lastKnownFileType = sourcecode.swift; path = UkuranHewanManager.swift; sourceTree = "<group>"; };
		84ED2EB6244F2CA600C8A107 /* Hewan.swift */ = {isa = PBXFileReference; lastKnownFileType = sourcecode.swift; path = Hewan.swift; sourceTree = "<group>"; };
		84ED2EB8244F2CB300C8A107 /* HewanManager.swift */ = {isa = PBXFileReference; lastKnownFileType = sourcecode.swift; path = HewanManager.swift; sourceTree = "<group>"; };
		84ED2EBB244F31CF00C8A107 /* HewanViewController.swift */ = {isa = PBXFileReference; lastKnownFileType = sourcecode.swift; path = HewanViewController.swift; sourceTree = "<group>"; };
		84ED2EBD244F31DC00C8A107 /* HewanDetailViewController.swift */ = {isa = PBXFileReference; lastKnownFileType = sourcecode.swift; path = HewanDetailViewController.swift; sourceTree = "<group>"; };
		84ED2EBF244F39DF00C8A107 /* HewanDetailExtension.swift */ = {isa = PBXFileReference; lastKnownFileType = sourcecode.swift; path = HewanDetailExtension.swift; sourceTree = "<group>"; };
		84ED2EC2244F457100C8A107 /* UkuranHewanViewController.swift */ = {isa = PBXFileReference; lastKnownFileType = sourcecode.swift; path = UkuranHewanViewController.swift; sourceTree = "<group>"; };
		84ED2EC4244F458E00C8A107 /* UkuranHewanDetailViewController.swift */ = {isa = PBXFileReference; lastKnownFileType = sourcecode.swift; path = UkuranHewanDetailViewController.swift; sourceTree = "<group>"; };
		84ED2EC7244F4D6600C8A107 /* JenisHewanViewController.swift */ = {isa = PBXFileReference; lastKnownFileType = sourcecode.swift; path = JenisHewanViewController.swift; sourceTree = "<group>"; };
		84ED2EC9244F4D7300C8A107 /* JenisHewanDetailViewController.swift */ = {isa = PBXFileReference; lastKnownFileType = sourcecode.swift; path = JenisHewanDetailViewController.swift; sourceTree = "<group>"; };
		84ED2ECD2450718800C8A107 /* ProdukBarang.swift */ = {isa = PBXFileReference; lastKnownFileType = sourcecode.swift; path = ProdukBarang.swift; sourceTree = "<group>"; };
		84ED2ECF2450719A00C8A107 /* ProdukBarangManager.swift */ = {isa = PBXFileReference; lastKnownFileType = sourcecode.swift; path = ProdukBarangManager.swift; sourceTree = "<group>"; };
		84ED2ED3245071C600C8A107 /* ProdukBarangViewController.swift */ = {isa = PBXFileReference; lastKnownFileType = sourcecode.swift; path = ProdukBarangViewController.swift; sourceTree = "<group>"; };
		84ED2ED5245071D700C8A107 /* ProdukBarangDetailViewController.swift */ = {isa = PBXFileReference; lastKnownFileType = sourcecode.swift; path = ProdukBarangDetailViewController.swift; sourceTree = "<group>"; };
		84FCCF552455B98F0099F3F4 /* ProdukLayanan.swift */ = {isa = PBXFileReference; lastKnownFileType = sourcecode.swift; path = ProdukLayanan.swift; sourceTree = "<group>"; };
		84FCCF572455B99A0099F3F4 /* ProdukLayananManager.swift */ = {isa = PBXFileReference; lastKnownFileType = sourcecode.swift; path = ProdukLayananManager.swift; sourceTree = "<group>"; };
		84FCCF5A2455BBAB0099F3F4 /* HargaLayanan.swift */ = {isa = PBXFileReference; lastKnownFileType = sourcecode.swift; path = HargaLayanan.swift; sourceTree = "<group>"; };
		84FCCF5C2455BBB60099F3F4 /* HargaLayananManager.swift */ = {isa = PBXFileReference; lastKnownFileType = sourcecode.swift; path = HargaLayananManager.swift; sourceTree = "<group>"; };
		84FCCF5F2455BD0E0099F3F4 /* ProdukLayananViewController.swift */ = {isa = PBXFileReference; lastKnownFileType = sourcecode.swift; path = ProdukLayananViewController.swift; sourceTree = "<group>"; };
		84FCCF612455BD3C0099F3F4 /* ProdukLayananDetailViewController.swift */ = {isa = PBXFileReference; lastKnownFileType = sourcecode.swift; path = ProdukLayananDetailViewController.swift; sourceTree = "<group>"; };
		84FCCF632456BE5B0099F3F4 /* ProdukLayananExtension.swift */ = {isa = PBXFileReference; lastKnownFileType = sourcecode.swift; path = ProdukLayananExtension.swift; sourceTree = "<group>"; };
		84FCCF652456C2970099F3F4 /* LayananViewController.swift */ = {isa = PBXFileReference; lastKnownFileType = sourcecode.swift; path = LayananViewController.swift; sourceTree = "<group>"; };
		84FCCF682458975C0099F3F4 /* RincianPengadaan.swift */ = {isa = PBXFileReference; lastKnownFileType = sourcecode.swift; path = RincianPengadaan.swift; sourceTree = "<group>"; };
		84FCCF6A2458977C0099F3F4 /* PengadaanBarang.swift */ = {isa = PBXFileReference; lastKnownFileType = sourcecode.swift; path = PengadaanBarang.swift; sourceTree = "<group>"; };
		84FCCF6D245897980099F3F4 /* PengadaanBarangManager.swift */ = {isa = PBXFileReference; lastKnownFileType = sourcecode.swift; path = PengadaanBarangManager.swift; sourceTree = "<group>"; };
		84FCCF6F245897B10099F3F4 /* RincianPengadaanManager.swift */ = {isa = PBXFileReference; lastKnownFileType = sourcecode.swift; path = RincianPengadaanManager.swift; sourceTree = "<group>"; };
		84FCCF72245899F10099F3F4 /* PengadaanBarangViewController.swift */ = {isa = PBXFileReference; lastKnownFileType = sourcecode.swift; path = PengadaanBarangViewController.swift; sourceTree = "<group>"; };
		84FCCF7424589AD30099F3F4 /* PengadaanBarangDetailViewController.swift */ = {isa = PBXFileReference; lastKnownFileType = sourcecode.swift; path = PengadaanBarangDetailViewController.swift; sourceTree = "<group>"; };
		B556E20DF09FEEFD248DB420 /* Pods-P3L_Kouvee_Remake.debug.xcconfig */ = {isa = PBXFileReference; includeInIndex = 1; lastKnownFileType = text.xcconfig; name = "Pods-P3L_Kouvee_Remake.debug.xcconfig"; path = "Target Support Files/Pods-P3L_Kouvee_Remake/Pods-P3L_Kouvee_Remake.debug.xcconfig"; sourceTree = "<group>"; };
/* End PBXFileReference section */

/* Begin PBXFrameworksBuildPhase section */
		842C0226244DC36800CA2BF5 /* Frameworks */ = {
			isa = PBXFrameworksBuildPhase;
			buildActionMask = 2147483647;
			files = (
				5DA090765F1638C9459F4B70 /* Pods_P3L_Kouvee_Remake.framework in Frameworks */,
			);
			runOnlyForDeploymentPostprocessing = 0;
		};
/* End PBXFrameworksBuildPhase section */

/* Begin PBXGroup section */
		10E80463D5555609807A1B5C /* Frameworks */ = {
			isa = PBXGroup;
			children = (
				23869D0AF4F6D5EC75B545EA /* Pods_P3L_Kouvee_Remake.framework */,
			);
			name = Frameworks;
			sourceTree = "<group>";
		};
		842C0220244DC36800CA2BF5 = {
			isa = PBXGroup;
			children = (
				842C022B244DC36800CA2BF5 /* P3L_Kouvee_Remake */,
				842C022A244DC36800CA2BF5 /* Products */,
				B6580A09FF6979897F4F5922 /* Pods */,
				10E80463D5555609807A1B5C /* Frameworks */,
			);
			sourceTree = "<group>";
		};
		842C022A244DC36800CA2BF5 /* Products */ = {
			isa = PBXGroup;
			children = (
				842C0229244DC36800CA2BF5 /* P3L_Kouvee_Remake.app */,
			);
			name = Products;
			sourceTree = "<group>";
		};
		842C022B244DC36800CA2BF5 /* P3L_Kouvee_Remake */ = {
			isa = PBXGroup;
			children = (
				84A7EC1E245F11AB00DD0059 /* P3L_Kouvee_Remake.entitlements */,
				842C0242244DCD5300CA2BF5 /* Model */,
				842C0240244DCD2C00CA2BF5 /* Controller */,
				842C0241244DCD4B00CA2BF5 /* View */,
				842C022C244DC36800CA2BF5 /* AppDelegate.swift */,
				842C022E244DC36800CA2BF5 /* SceneDelegate.swift */,
				842C0235244DC36B00CA2BF5 /* Assets.xcassets */,
				842C0237244DC36B00CA2BF5 /* LaunchScreen.storyboard */,
				842C023A244DC36B00CA2BF5 /* Info.plist */,
				842C024C244DD75200CA2BF5 /* Constant.swift */,
			);
			path = P3L_Kouvee_Remake;
			sourceTree = "<group>";
		};
		842C0240244DCD2C00CA2BF5 /* Controller */ = {
			isa = PBXGroup;
			children = (
				84FCCF71245899DD0099F3F4 /* Pengadaan */,
				84FCCF5E2455BCF40099F3F4 /* Layanan */,
				84ED2ED1245071B200C8A107 /* Produk */,
				84ED2EBA244F31C100C8A107 /* Hewan */,
				84ED2EA1244EB89B00C8A107 /* Supplier */,
				842C0257244E040900CA2BF5 /* Customer */,
				842C0230244DC36800CA2BF5 /* LoginViewController.swift */,
			);
			path = Controller;
			sourceTree = "<group>";
		};
		842C0241244DCD4B00CA2BF5 /* View */ = {
			isa = PBXGroup;
			children = (
				842C0232244DC36800CA2BF5 /* Main.storyboard */,
				842C0249244DCFB400CA2BF5 /* TableViewCell */,
			);
			path = View;
			sourceTree = "<group>";
		};
		842C0242244DCD5300CA2BF5 /* Model */ = {
			isa = PBXGroup;
			children = (
				84FCCF672458971C0099F3F4 /* Pengadaan */,
				84ED2ECB245070BB00C8A107 /* Produk */,
				84ED2EAB244ED0A400C8A107 /* Hewan */,
				84ED2EA2244EB8A300C8A107 /* Supplier */,
				84ED2EA0244EB86900C8A107 /* Customer */,
				842C024E244DDFDC00CA2BF5 /* Login */,
			);
			path = Model;
			sourceTree = "<group>";
		};
		842C0249244DCFB400CA2BF5 /* TableViewCell */ = {
			isa = PBXGroup;
			children = (
				842C0245244DCFAF00CA2BF5 /* TableViewCell.swift */,
				842C0246244DCFAF00CA2BF5 /* TableViewCell.xib */,
			);
			path = TableViewCell;
			sourceTree = "<group>";
		};
		842C024E244DDFDC00CA2BF5 /* Login */ = {
			isa = PBXGroup;
			children = (
				842C024F244DDFF400CA2BF5 /* Login.swift */,
				842C0251244DE02600CA2BF5 /* LoginManager.swift */,
			);
			path = Login;
			sourceTree = "<group>";
		};
		842C0257244E040900CA2BF5 /* Customer */ = {
			isa = PBXGroup;
			children = (
				842C0255244E040500CA2BF5 /* CustomerViewController.swift */,
				842C0258244E062300CA2BF5 /* CustomerDetailViewController.swift */,
			);
			path = Customer;
			sourceTree = "<group>";
		};
		84ED2EA0244EB86900C8A107 /* Customer */ = {
			isa = PBXGroup;
			children = (
				842C0243244DCE5200CA2BF5 /* Customer.swift */,
				842C024A244DD73000CA2BF5 /* CustomerManager.swift */,
			);
			path = Customer;
			sourceTree = "<group>";
		};
		84ED2EA1244EB89B00C8A107 /* Supplier */ = {
			isa = PBXGroup;
			children = (
				84ED2EA7244EBA8600C8A107 /* SupplierViewController.swift */,
				84ED2EA9244EBA9500C8A107 /* SupplierDetailViewController.swift */,
			);
			path = Supplier;
			sourceTree = "<group>";
		};
		84ED2EA2244EB8A300C8A107 /* Supplier */ = {
			isa = PBXGroup;
			children = (
				84ED2EA3244EB8BC00C8A107 /* Supplier.swift */,
				84ED2EA5244EB8F800C8A107 /* SupplierManager.swift */,
			);
			path = Supplier;
			sourceTree = "<group>";
		};
		84ED2EAB244ED0A400C8A107 /* Hewan */ = {
			isa = PBXGroup;
			children = (
				84ED2EAD244ED0B200C8A107 /* Jenis */,
				84ED2EAC244ED0AC00C8A107 /* Ukuran */,
				84ED2EB6244F2CA600C8A107 /* Hewan.swift */,
				84ED2EB8244F2CB300C8A107 /* HewanManager.swift */,
			);
			path = Hewan;
			sourceTree = "<group>";
		};
		84ED2EAC244ED0AC00C8A107 /* Ukuran */ = {
			isa = PBXGroup;
			children = (
				84ED2EB2244F2C9400C8A107 /* UkuranHewan.swift */,
				84ED2EB4244F2C9D00C8A107 /* UkuranHewanManager.swift */,
			);
			path = Ukuran;
			sourceTree = "<group>";
		};
		84ED2EAD244ED0B200C8A107 /* Jenis */ = {
			isa = PBXGroup;
			children = (
				84ED2EAE244F2C7A00C8A107 /* JenisHewan.swift */,
				84ED2EB0244F2C8700C8A107 /* JenisHewanManager.swift */,
			);
			path = Jenis;
			sourceTree = "<group>";
		};
		84ED2EBA244F31C100C8A107 /* Hewan */ = {
			isa = PBXGroup;
			children = (
				84ED2EC6244F4D5900C8A107 /* Jenis */,
				84ED2EC1244F454D00C8A107 /* Ukuran */,
				84ED2EBB244F31CF00C8A107 /* HewanViewController.swift */,
				84ED2EBD244F31DC00C8A107 /* HewanDetailViewController.swift */,
				84ED2EBF244F39DF00C8A107 /* HewanDetailExtension.swift */,
			);
			path = Hewan;
			sourceTree = "<group>";
		};
		84ED2EC1244F454D00C8A107 /* Ukuran */ = {
			isa = PBXGroup;
			children = (
				84ED2EC2244F457100C8A107 /* UkuranHewanViewController.swift */,
				84ED2EC4244F458E00C8A107 /* UkuranHewanDetailViewController.swift */,
			);
			path = Ukuran;
			sourceTree = "<group>";
		};
		84ED2EC6244F4D5900C8A107 /* Jenis */ = {
			isa = PBXGroup;
			children = (
				84ED2EC7244F4D6600C8A107 /* JenisHewanViewController.swift */,
				84ED2EC9244F4D7300C8A107 /* JenisHewanDetailViewController.swift */,
			);
			path = Jenis;
			sourceTree = "<group>";
		};
		84ED2ECB245070BB00C8A107 /* Produk */ = {
			isa = PBXGroup;
			children = (
				84FCCF542455B9750099F3F4 /* ProdukLayanan */,
				84ED2ECC2450717500C8A107 /* ProdukBarang */,
			);
			path = Produk;
			sourceTree = "<group>";
		};
		84ED2ECC2450717500C8A107 /* ProdukBarang */ = {
			isa = PBXGroup;
			children = (
				84ED2ECD2450718800C8A107 /* ProdukBarang.swift */,
				84ED2ECF2450719A00C8A107 /* ProdukBarangManager.swift */,
			);
			path = ProdukBarang;
			sourceTree = "<group>";
		};
		84ED2ED1245071B200C8A107 /* Produk */ = {
			isa = PBXGroup;
			children = (
				84ED2ED2245071B800C8A107 /* ProdukBarang */,
			);
			path = Produk;
			sourceTree = "<group>";
		};
		84ED2ED2245071B800C8A107 /* ProdukBarang */ = {
			isa = PBXGroup;
			children = (
				84ED2ED3245071C600C8A107 /* ProdukBarangViewController.swift */,
				84ED2ED5245071D700C8A107 /* ProdukBarangDetailViewController.swift */,
			);
			path = ProdukBarang;
			sourceTree = "<group>";
		};
		84FCCF542455B9750099F3F4 /* ProdukLayanan */ = {
			isa = PBXGroup;
			children = (
				84FCCF592455BB940099F3F4 /* HargaLayanan */,
				84FCCF552455B98F0099F3F4 /* ProdukLayanan.swift */,
				84FCCF572455B99A0099F3F4 /* ProdukLayananManager.swift */,
			);
			path = ProdukLayanan;
			sourceTree = "<group>";
		};
		84FCCF592455BB940099F3F4 /* HargaLayanan */ = {
			isa = PBXGroup;
			children = (
				84FCCF5A2455BBAB0099F3F4 /* HargaLayanan.swift */,
				84FCCF5C2455BBB60099F3F4 /* HargaLayananManager.swift */,
			);
			path = HargaLayanan;
			sourceTree = "<group>";
		};
		84FCCF5E2455BCF40099F3F4 /* Layanan */ = {
			isa = PBXGroup;
			children = (
				84FCCF5F2455BD0E0099F3F4 /* ProdukLayananViewController.swift */,
				84FCCF612455BD3C0099F3F4 /* ProdukLayananDetailViewController.swift */,
				84FCCF632456BE5B0099F3F4 /* ProdukLayananExtension.swift */,
				84FCCF652456C2970099F3F4 /* LayananViewController.swift */,
			);
			path = Layanan;
			sourceTree = "<group>";
		};
		84FCCF672458971C0099F3F4 /* Pengadaan */ = {
			isa = PBXGroup;
			children = (
				84FCCF6C245897810099F3F4 /* Rincian */,
				84FCCF6A2458977C0099F3F4 /* PengadaanBarang.swift */,
				84FCCF6D245897980099F3F4 /* PengadaanBarangManager.swift */,
			);
			path = Pengadaan;
			sourceTree = "<group>";
		};
		84FCCF6C245897810099F3F4 /* Rincian */ = {
			isa = PBXGroup;
			children = (
				84FCCF682458975C0099F3F4 /* RincianPengadaan.swift */,
				84FCCF6F245897B10099F3F4 /* RincianPengadaanManager.swift */,
			);
			path = Rincian;
			sourceTree = "<group>";
		};
		84FCCF71245899DD0099F3F4 /* Pengadaan */ = {
			isa = PBXGroup;
			children = (
				84FCCF72245899F10099F3F4 /* PengadaanBarangViewController.swift */,
				84FCCF7424589AD30099F3F4 /* PengadaanBarangDetailViewController.swift */,
			);
			path = Pengadaan;
			sourceTree = "<group>";
		};
		B6580A09FF6979897F4F5922 /* Pods */ = {
			isa = PBXGroup;
			children = (
				B556E20DF09FEEFD248DB420 /* Pods-P3L_Kouvee_Remake.debug.xcconfig */,
				645D7A488FFC6B5493A049EE /* Pods-P3L_Kouvee_Remake.release.xcconfig */,
			);
			path = Pods;
			sourceTree = "<group>";
		};
/* End PBXGroup section */

/* Begin PBXNativeTarget section */
		842C0228244DC36800CA2BF5 /* P3L_Kouvee_Remake */ = {
			isa = PBXNativeTarget;
			buildConfigurationList = 842C023D244DC36B00CA2BF5 /* Build configuration list for PBXNativeTarget "P3L_Kouvee_Remake" */;
			buildPhases = (
				E7AFFC92EF55D87C77E760A8 /* [CP] Check Pods Manifest.lock */,
				842C0225244DC36800CA2BF5 /* Sources */,
				842C0226244DC36800CA2BF5 /* Frameworks */,
				842C0227244DC36800CA2BF5 /* Resources */,
				80321D356BAACEAEA1C9898A /* [CP] Embed Pods Frameworks */,
			);
			buildRules = (
			);
			dependencies = (
			);
			name = P3L_Kouvee_Remake;
			productName = P3L_Kouvee_Remake;
			productReference = 842C0229244DC36800CA2BF5 /* P3L_Kouvee_Remake.app */;
			productType = "com.apple.product-type.application";
		};
/* End PBXNativeTarget section */

/* Begin PBXProject section */
		842C0221244DC36800CA2BF5 /* Project object */ = {
			isa = PBXProject;
			attributes = {
				LastSwiftUpdateCheck = 1140;
				LastUpgradeCheck = 1140;
				ORGANIZATIONNAME = Admin;
				TargetAttributes = {
					842C0228244DC36800CA2BF5 = {
						CreatedOnToolsVersion = 11.4.1;
					};
				};
			};
			buildConfigurationList = 842C0224244DC36800CA2BF5 /* Build configuration list for PBXProject "P3L_Kouvee_Remake" */;
			compatibilityVersion = "Xcode 9.3";
			developmentRegion = en;
			hasScannedForEncodings = 0;
			knownRegions = (
				en,
				Base,
			);
			mainGroup = 842C0220244DC36800CA2BF5;
			productRefGroup = 842C022A244DC36800CA2BF5 /* Products */;
			projectDirPath = "";
			projectRoot = "";
			targets = (
				842C0228244DC36800CA2BF5 /* P3L_Kouvee_Remake */,
			);
		};
/* End PBXProject section */

/* Begin PBXResourcesBuildPhase section */
		842C0227244DC36800CA2BF5 /* Resources */ = {
			isa = PBXResourcesBuildPhase;
			buildActionMask = 2147483647;
			files = (
				842C0239244DC36B00CA2BF5 /* LaunchScreen.storyboard in Resources */,
				842C0248244DCFAF00CA2BF5 /* TableViewCell.xib in Resources */,
				842C0236244DC36B00CA2BF5 /* Assets.xcassets in Resources */,
				842C0234244DC36800CA2BF5 /* Main.storyboard in Resources */,
			);
			runOnlyForDeploymentPostprocessing = 0;
		};
/* End PBXResourcesBuildPhase section */

/* Begin PBXShellScriptBuildPhase section */
		80321D356BAACEAEA1C9898A /* [CP] Embed Pods Frameworks */ = {
			isa = PBXShellScriptBuildPhase;
			buildActionMask = 2147483647;
			files = (
			);
			inputFileListPaths = (
				"${PODS_ROOT}/Target Support Files/Pods-P3L_Kouvee_Remake/Pods-P3L_Kouvee_Remake-frameworks-${CONFIGURATION}-input-files.xcfilelist",
			);
			name = "[CP] Embed Pods Frameworks";
			outputFileListPaths = (
				"${PODS_ROOT}/Target Support Files/Pods-P3L_Kouvee_Remake/Pods-P3L_Kouvee_Remake-frameworks-${CONFIGURATION}-output-files.xcfilelist",
			);
			runOnlyForDeploymentPostprocessing = 0;
			shellPath = /bin/sh;
			shellScript = "\"${PODS_ROOT}/Target Support Files/Pods-P3L_Kouvee_Remake/Pods-P3L_Kouvee_Remake-frameworks.sh\"\n";
			showEnvVarsInLog = 0;
		};
		E7AFFC92EF55D87C77E760A8 /* [CP] Check Pods Manifest.lock */ = {
			isa = PBXShellScriptBuildPhase;
			buildActionMask = 2147483647;
			files = (
			);
			inputFileListPaths = (
			);
			inputPaths = (
				"${PODS_PODFILE_DIR_PATH}/Podfile.lock",
				"${PODS_ROOT}/Manifest.lock",
			);
			name = "[CP] Check Pods Manifest.lock";
			outputFileListPaths = (
			);
			outputPaths = (
				"$(DERIVED_FILE_DIR)/Pods-P3L_Kouvee_Remake-checkManifestLockResult.txt",
			);
			runOnlyForDeploymentPostprocessing = 0;
			shellPath = /bin/sh;
			shellScript = "diff \"${PODS_PODFILE_DIR_PATH}/Podfile.lock\" \"${PODS_ROOT}/Manifest.lock\" > /dev/null\nif [ $? != 0 ] ; then\n    # print error to STDERR\n    echo \"error: The sandbox is not in sync with the Podfile.lock. Run 'pod install' or update your CocoaPods installation.\" >&2\n    exit 1\nfi\n# This output is used by Xcode 'outputs' to avoid re-running this script phase.\necho \"SUCCESS\" > \"${SCRIPT_OUTPUT_FILE_0}\"\n";
			showEnvVarsInLog = 0;
		};
/* End PBXShellScriptBuildPhase section */

/* Begin PBXSourcesBuildPhase section */
		842C0225244DC36800CA2BF5 /* Sources */ = {
			isa = PBXSourcesBuildPhase;
			buildActionMask = 2147483647;
			files = (
				84ED2EBE244F31DC00C8A107 /* HewanDetailViewController.swift in Sources */,
				842C024D244DD75200CA2BF5 /* Constant.swift in Sources */,
				84ED2ECE2450718800C8A107 /* ProdukBarang.swift in Sources */,
				84ED2EAA244EBA9500C8A107 /* SupplierDetailViewController.swift in Sources */,
				84ED2EC8244F4D6600C8A107 /* JenisHewanViewController.swift in Sources */,
				84FCCF622455BD3C0099F3F4 /* ProdukLayananDetailViewController.swift in Sources */,
				84ED2ED4245071C600C8A107 /* ProdukBarangViewController.swift in Sources */,
				84ED2EA4244EB8BC00C8A107 /* Supplier.swift in Sources */,
				842C0247244DCFAF00CA2BF5 /* TableViewCell.swift in Sources */,
				842C0256244E040500CA2BF5 /* CustomerViewController.swift in Sources */,
				84FCCF7524589AD40099F3F4 /* PengadaanBarangDetailViewController.swift in Sources */,
				84FCCF70245897B10099F3F4 /* RincianPengadaanManager.swift in Sources */,
				842C0259244E062300CA2BF5 /* CustomerDetailViewController.swift in Sources */,
				84FCCF5D2455BBB60099F3F4 /* HargaLayananManager.swift in Sources */,
				84FCCF6E245897980099F3F4 /* PengadaanBarangManager.swift in Sources */,
				842C0231244DC36800CA2BF5 /* LoginViewController.swift in Sources */,
				84ED2EAF244F2C7A00C8A107 /* JenisHewan.swift in Sources */,
				84ED2EB5244F2C9D00C8A107 /* UkuranHewanManager.swift in Sources */,
				84ED2EB1244F2C8700C8A107 /* JenisHewanManager.swift in Sources */,
				84FCCF562455B98F0099F3F4 /* ProdukLayanan.swift in Sources */,
				84FCCF662456C2970099F3F4 /* LayananViewController.swift in Sources */,
				84ED2EBC244F31CF00C8A107 /* HewanViewController.swift in Sources */,
				84ED2EB3244F2C9400C8A107 /* UkuranHewan.swift in Sources */,
				84FCCF5B2455BBAB0099F3F4 /* HargaLayanan.swift in Sources */,
				842C022D244DC36800CA2BF5 /* AppDelegate.swift in Sources */,
				842C022F244DC36800CA2BF5 /* SceneDelegate.swift in Sources */,
				84ED2EB7244F2CA600C8A107 /* Hewan.swift in Sources */,
				84FCCF692458975C0099F3F4 /* RincianPengadaan.swift in Sources */,
				84FCCF602455BD0E0099F3F4 /* ProdukLayananViewController.swift in Sources */,
				84ED2ED6245071D700C8A107 /* ProdukBarangDetailViewController.swift in Sources */,
				84ED2EC0244F39DF00C8A107 /* HewanDetailExtension.swift in Sources */,
				84FCCF6B2458977C0099F3F4 /* PengadaanBarang.swift in Sources */,
				84FCCF642456BE5B0099F3F4 /* ProdukLayananExtension.swift in Sources */,
				84ED2EC5244F458E00C8A107 /* UkuranHewanDetailViewController.swift in Sources */,
				84ED2EA8244EBA8600C8A107 /* SupplierViewController.swift in Sources */,
				842C0252244DE02600CA2BF5 /* LoginManager.swift in Sources */,
				84ED2EA6244EB8F800C8A107 /* SupplierManager.swift in Sources */,
				842C0244244DCE5200CA2BF5 /* Customer.swift in Sources */,
				84FCCF582455B99A0099F3F4 /* ProdukLayananManager.swift in Sources */,
				842C024B244DD73000CA2BF5 /* CustomerManager.swift in Sources */,
				84ED2EB9244F2CB300C8A107 /* HewanManager.swift in Sources */,
				84ED2ECA244F4D7300C8A107 /* JenisHewanDetailViewController.swift in Sources */,
				84ED2EC3244F457100C8A107 /* UkuranHewanViewController.swift in Sources */,
				842C0250244DDFF400CA2BF5 /* Login.swift in Sources */,
				84FCCF73245899F10099F3F4 /* PengadaanBarangViewController.swift in Sources */,
				84ED2ED02450719A00C8A107 /* ProdukBarangManager.swift in Sources */,
			);
			runOnlyForDeploymentPostprocessing = 0;
		};
/* End PBXSourcesBuildPhase section */

/* Begin PBXVariantGroup section */
		842C0232244DC36800CA2BF5 /* Main.storyboard */ = {
			isa = PBXVariantGroup;
			children = (
				842C0233244DC36800CA2BF5 /* Base */,
			);
			name = Main.storyboard;
			sourceTree = "<group>";
		};
		842C0237244DC36B00CA2BF5 /* LaunchScreen.storyboard */ = {
			isa = PBXVariantGroup;
			children = (
				842C0238244DC36B00CA2BF5 /* Base */,
			);
			name = LaunchScreen.storyboard;
			sourceTree = "<group>";
		};
/* End PBXVariantGroup section */

/* Begin XCBuildConfiguration section */
		842C023B244DC36B00CA2BF5 /* Debug */ = {
			isa = XCBuildConfiguration;
			buildSettings = {
				ALWAYS_SEARCH_USER_PATHS = NO;
				CLANG_ANALYZER_NONNULL = YES;
				CLANG_ANALYZER_NUMBER_OBJECT_CONVERSION = YES_AGGRESSIVE;
				CLANG_CXX_LANGUAGE_STANDARD = "gnu++14";
				CLANG_CXX_LIBRARY = "libc++";
				CLANG_ENABLE_MODULES = YES;
				CLANG_ENABLE_OBJC_ARC = YES;
				CLANG_ENABLE_OBJC_WEAK = YES;
				CLANG_WARN_BLOCK_CAPTURE_AUTORELEASING = YES;
				CLANG_WARN_BOOL_CONVERSION = YES;
				CLANG_WARN_COMMA = YES;
				CLANG_WARN_CONSTANT_CONVERSION = YES;
				CLANG_WARN_DEPRECATED_OBJC_IMPLEMENTATIONS = YES;
				CLANG_WARN_DIRECT_OBJC_ISA_USAGE = YES_ERROR;
				CLANG_WARN_DOCUMENTATION_COMMENTS = YES;
				CLANG_WARN_EMPTY_BODY = YES;
				CLANG_WARN_ENUM_CONVERSION = YES;
				CLANG_WARN_INFINITE_RECURSION = YES;
				CLANG_WARN_INT_CONVERSION = YES;
				CLANG_WARN_NON_LITERAL_NULL_CONVERSION = YES;
				CLANG_WARN_OBJC_IMPLICIT_RETAIN_SELF = YES;
				CLANG_WARN_OBJC_LITERAL_CONVERSION = YES;
				CLANG_WARN_OBJC_ROOT_CLASS = YES_ERROR;
				CLANG_WARN_RANGE_LOOP_ANALYSIS = YES;
				CLANG_WARN_STRICT_PROTOTYPES = YES;
				CLANG_WARN_SUSPICIOUS_MOVE = YES;
				CLANG_WARN_UNGUARDED_AVAILABILITY = YES_AGGRESSIVE;
				CLANG_WARN_UNREACHABLE_CODE = YES;
				CLANG_WARN__DUPLICATE_METHOD_MATCH = YES;
				COPY_PHASE_STRIP = NO;
				DEBUG_INFORMATION_FORMAT = dwarf;
				ENABLE_STRICT_OBJC_MSGSEND = YES;
				ENABLE_TESTABILITY = YES;
				GCC_C_LANGUAGE_STANDARD = gnu11;
				GCC_DYNAMIC_NO_PIC = NO;
				GCC_NO_COMMON_BLOCKS = YES;
				GCC_OPTIMIZATION_LEVEL = 0;
				GCC_PREPROCESSOR_DEFINITIONS = (
					"DEBUG=1",
					"$(inherited)",
				);
				GCC_WARN_64_TO_32_BIT_CONVERSION = YES;
				GCC_WARN_ABOUT_RETURN_TYPE = YES_ERROR;
				GCC_WARN_UNDECLARED_SELECTOR = YES;
				GCC_WARN_UNINITIALIZED_AUTOS = YES_AGGRESSIVE;
				GCC_WARN_UNUSED_FUNCTION = YES;
				GCC_WARN_UNUSED_VARIABLE = YES;
				IPHONEOS_DEPLOYMENT_TARGET = 13.4;
				MTL_ENABLE_DEBUG_INFO = INCLUDE_SOURCE;
				MTL_FAST_MATH = YES;
				ONLY_ACTIVE_ARCH = YES;
				SDKROOT = iphoneos;
				SWIFT_ACTIVE_COMPILATION_CONDITIONS = DEBUG;
				SWIFT_OPTIMIZATION_LEVEL = "-Onone";
			};
			name = Debug;
		};
		842C023C244DC36B00CA2BF5 /* Release */ = {
			isa = XCBuildConfiguration;
			buildSettings = {
				ALWAYS_SEARCH_USER_PATHS = NO;
				CLANG_ANALYZER_NONNULL = YES;
				CLANG_ANALYZER_NUMBER_OBJECT_CONVERSION = YES_AGGRESSIVE;
				CLANG_CXX_LANGUAGE_STANDARD = "gnu++14";
				CLANG_CXX_LIBRARY = "libc++";
				CLANG_ENABLE_MODULES = YES;
				CLANG_ENABLE_OBJC_ARC = YES;
				CLANG_ENABLE_OBJC_WEAK = YES;
				CLANG_WARN_BLOCK_CAPTURE_AUTORELEASING = YES;
				CLANG_WARN_BOOL_CONVERSION = YES;
				CLANG_WARN_COMMA = YES;
				CLANG_WARN_CONSTANT_CONVERSION = YES;
				CLANG_WARN_DEPRECATED_OBJC_IMPLEMENTATIONS = YES;
				CLANG_WARN_DIRECT_OBJC_ISA_USAGE = YES_ERROR;
				CLANG_WARN_DOCUMENTATION_COMMENTS = YES;
				CLANG_WARN_EMPTY_BODY = YES;
				CLANG_WARN_ENUM_CONVERSION = YES;
				CLANG_WARN_INFINITE_RECURSION = YES;
				CLANG_WARN_INT_CONVERSION = YES;
				CLANG_WARN_NON_LITERAL_NULL_CONVERSION = YES;
				CLANG_WARN_OBJC_IMPLICIT_RETAIN_SELF = YES;
				CLANG_WARN_OBJC_LITERAL_CONVERSION = YES;
				CLANG_WARN_OBJC_ROOT_CLASS = YES_ERROR;
				CLANG_WARN_RANGE_LOOP_ANALYSIS = YES;
				CLANG_WARN_STRICT_PROTOTYPES = YES;
				CLANG_WARN_SUSPICIOUS_MOVE = YES;
				CLANG_WARN_UNGUARDED_AVAILABILITY = YES_AGGRESSIVE;
				CLANG_WARN_UNREACHABLE_CODE = YES;
				CLANG_WARN__DUPLICATE_METHOD_MATCH = YES;
				COPY_PHASE_STRIP = NO;
				DEBUG_INFORMATION_FORMAT = "dwarf-with-dsym";
				ENABLE_NS_ASSERTIONS = NO;
				ENABLE_STRICT_OBJC_MSGSEND = YES;
				GCC_C_LANGUAGE_STANDARD = gnu11;
				GCC_NO_COMMON_BLOCKS = YES;
				GCC_WARN_64_TO_32_BIT_CONVERSION = YES;
				GCC_WARN_ABOUT_RETURN_TYPE = YES_ERROR;
				GCC_WARN_UNDECLARED_SELECTOR = YES;
				GCC_WARN_UNINITIALIZED_AUTOS = YES_AGGRESSIVE;
				GCC_WARN_UNUSED_FUNCTION = YES;
				GCC_WARN_UNUSED_VARIABLE = YES;
				IPHONEOS_DEPLOYMENT_TARGET = 13.4;
				MTL_ENABLE_DEBUG_INFO = NO;
				MTL_FAST_MATH = YES;
				SDKROOT = iphoneos;
				SWIFT_COMPILATION_MODE = wholemodule;
				SWIFT_OPTIMIZATION_LEVEL = "-O";
				VALIDATE_PRODUCT = YES;
			};
			name = Release;
		};
		842C023E244DC36B00CA2BF5 /* Debug */ = {
			isa = XCBuildConfiguration;
			baseConfigurationReference = B556E20DF09FEEFD248DB420 /* Pods-P3L_Kouvee_Remake.debug.xcconfig */;
			buildSettings = {
				ASSETCATALOG_COMPILER_APPICON_NAME = AppIcon;
				CODE_SIGN_ENTITLEMENTS = P3L_Kouvee_Remake/P3L_Kouvee_Remake.entitlements;
				CODE_SIGN_STYLE = Automatic;
				INFOPLIST_FILE = P3L_Kouvee_Remake/Info.plist;
				LD_RUNPATH_SEARCH_PATHS = (
					"$(inherited)",
					"@executable_path/Frameworks",
				);
				PRODUCT_BUNDLE_IDENTIFIER = "www..P3L-Kouvee-Remake.com";
				PRODUCT_NAME = "$(TARGET_NAME)";
				SWIFT_VERSION = 5.0;
				TARGETED_DEVICE_FAMILY = "1,2";
			};
			name = Debug;
		};
		842C023F244DC36B00CA2BF5 /* Release */ = {
			isa = XCBuildConfiguration;
			baseConfigurationReference = 645D7A488FFC6B5493A049EE /* Pods-P3L_Kouvee_Remake.release.xcconfig */;
			buildSettings = {
				ASSETCATALOG_COMPILER_APPICON_NAME = AppIcon;
				CODE_SIGN_ENTITLEMENTS = P3L_Kouvee_Remake/P3L_Kouvee_Remake.entitlements;
				CODE_SIGN_STYLE = Automatic;
				INFOPLIST_FILE = P3L_Kouvee_Remake/Info.plist;
				LD_RUNPATH_SEARCH_PATHS = (
					"$(inherited)",
					"@executable_path/Frameworks",
				);
				PRODUCT_BUNDLE_IDENTIFIER = "www..P3L-Kouvee-Remake.com";
				PRODUCT_NAME = "$(TARGET_NAME)";
				SWIFT_VERSION = 5.0;
				TARGETED_DEVICE_FAMILY = "1,2";
			};
			name = Release;
		};
/* End XCBuildConfiguration section */

/* Begin XCConfigurationList section */
		842C0224244DC36800CA2BF5 /* Build configuration list for PBXProject "P3L_Kouvee_Remake" */ = {
			isa = XCConfigurationList;
			buildConfigurations = (
				842C023B244DC36B00CA2BF5 /* Debug */,
				842C023C244DC36B00CA2BF5 /* Release */,
			);
			defaultConfigurationIsVisible = 0;
			defaultConfigurationName = Release;
		};
		842C023D244DC36B00CA2BF5 /* Build configuration list for PBXNativeTarget "P3L_Kouvee_Remake" */ = {
			isa = XCConfigurationList;
			buildConfigurations = (
				842C023E244DC36B00CA2BF5 /* Debug */,
				842C023F244DC36B00CA2BF5 /* Release */,
			);
			defaultConfigurationIsVisible = 0;
			defaultConfigurationName = Release;
		};
/* End XCConfigurationList section */
	};
	rootObject = 842C0221244DC36800CA2BF5 /* Project object */;
}
