// !$*UTF8*$!
{
	archiveVersion = 1;
	classes = {
	};
	objectVersion = 51;
	objects = {

/* Begin PBXBuildFile section */
		5DA090765F1638C9459F4B70 /* Pods_P3L_Kouvee_Remake.framework in Frameworks */ = {isa = PBXBuildFile; fileRef = 23869D0AF4F6D5EC75B545EA /* Pods_P3L_Kouvee_Remake.framework */; };
		842C022D244DC36800CA2BF5 /* AppDelegate.swift in Sources */ = {isa = PBXBuildFile; fileRef = 842C022C244DC36800CA2BF5 /* AppDelegate.swift */; };
		842C022F244DC36800CA2BF5 /* SceneDelegate.swift in Sources */ = {isa = PBXBuildFile; fileRef = 842C022E244DC36800CA2BF5 /* SceneDelegate.swift */; };
		842C0231244DC36800CA2BF5 /* LoginViewController.swift in Sources */ = {isa = PBXBuildFile; fileRef = 842C0230244DC36800CA2BF5 /* LoginViewController.swift */; };
		842C0234244DC36800CA2BF5 /* Main.storyboard in Resources */ = {isa = PBXBuildFile; fileRef = 842C0232244DC36800CA2BF5 /* Main.storyboard */; };
		842C0236244DC36B00CA2BF5 /* Assets.xcassets in Resources */ = {isa = PBXBuildFile; fileRef = 842C0235244DC36B00CA2BF5 /* Assets.xcassets */; };
		842C0239244DC36B00CA2BF5 /* LaunchScreen.storyboard in Resources */ = {isa = PBXBuildFile; fileRef = 842C0237244DC36B00CA2BF5 /* LaunchScreen.storyboard */; };
		842C0244244DCE5200CA2BF5 /* Customer.swift in Sources */ = {isa = PBXBuildFile; fileRef = 842C0243244DCE5200CA2BF5 /* Customer.swift */; };
		842C0247244DCFAF00CA2BF5 /* TableViewCell.swift in Sources */ = {isa = PBXBuildFile; fileRef = 842C0245244DCFAF00CA2BF5 /* TableViewCell.swift */; };
		842C0248244DCFAF00CA2BF5 /* TableViewCell.xib in Resources */ = {isa = PBXBuildFile; fileRef = 842C0246244DCFAF00CA2BF5 /* TableViewCell.xib */; };
		842C024B244DD73000CA2BF5 /* CustomerManager.swift in Sources */ = {isa = PBXBuildFile; fileRef = 842C024A244DD73000CA2BF5 /* CustomerManager.swift */; };
		842C024D244DD75200CA2BF5 /* Constant.swift in Sources */ = {isa = PBXBuildFile; fileRef = 842C024C244DD75200CA2BF5 /* Constant.swift */; };
		842C0250244DDFF400CA2BF5 /* Login.swift in Sources */ = {isa = PBXBuildFile; fileRef = 842C024F244DDFF400CA2BF5 /* Login.swift */; };
		842C0252244DE02600CA2BF5 /* LoginManager.swift in Sources */ = {isa = PBXBuildFile; fileRef = 842C0251244DE02600CA2BF5 /* LoginManager.swift */; };
		842C0256244E040500CA2BF5 /* CustomerViewController.swift in Sources */ = {isa = PBXBuildFile; fileRef = 842C0255244E040500CA2BF5 /* CustomerViewController.swift */; };
/* End PBXBuildFile section */

/* Begin PBXFileReference section */
		23869D0AF4F6D5EC75B545EA /* Pods_P3L_Kouvee_Remake.framework */ = {isa = PBXFileReference; explicitFileType = wrapper.framework; includeInIndex = 0; path = Pods_P3L_Kouvee_Remake.framework; sourceTree = BUILT_PRODUCTS_DIR; };
		645D7A488FFC6B5493A049EE /* Pods-P3L_Kouvee_Remake.release.xcconfig */ = {isa = PBXFileReference; includeInIndex = 1; lastKnownFileType = text.xcconfig; name = "Pods-P3L_Kouvee_Remake.release.xcconfig"; path = "Target Support Files/Pods-P3L_Kouvee_Remake/Pods-P3L_Kouvee_Remake.release.xcconfig"; sourceTree = "<group>"; };
		842C0229244DC36800CA2BF5 /* P3L_Kouvee_Remake.app */ = {isa = PBXFileReference; explicitFileType = wrapper.application; includeInIndex = 0; path = P3L_Kouvee_Remake.app; sourceTree = BUILT_PRODUCTS_DIR; };
		842C022C244DC36800CA2BF5 /* AppDelegate.swift */ = {isa = PBXFileReference; lastKnownFileType = sourcecode.swift; path = AppDelegate.swift; sourceTree = "<group>"; };
		842C022E244DC36800CA2BF5 /* SceneDelegate.swift */ = {isa = PBXFileReference; lastKnownFileType = sourcecode.swift; path = SceneDelegate.swift; sourceTree = "<group>"; };
		842C0230244DC36800CA2BF5 /* LoginViewController.swift */ = {isa = PBXFileReference; lastKnownFileType = sourcecode.swift; path = LoginViewController.swift; sourceTree = "<group>"; };
		842C0233244DC36800CA2BF5 /* Base */ = {isa = PBXFileReference; lastKnownFileType = file.storyboard; name = Base; path = Base.lproj/Main.storyboard; sourceTree = "<group>"; };
		842C0235244DC36B00CA2BF5 /* Assets.xcassets */ = {isa = PBXFileReference; lastKnownFileType = folder.assetcatalog; path = Assets.xcassets; sourceTree = "<group>"; };
		842C0238244DC36B00CA2BF5 /* Base */ = {isa = PBXFileReference; lastKnownFileType = file.storyboard; name = Base; path = Base.lproj/LaunchScreen.storyboard; sourceTree = "<group>"; };
		842C023A244DC36B00CA2BF5 /* Info.plist */ = {isa = PBXFileReference; lastKnownFileType = text.plist.xml; path = Info.plist; sourceTree = "<group>"; };
		842C0243244DCE5200CA2BF5 /* Customer.swift */ = {isa = PBXFileReference; lastKnownFileType = sourcecode.swift; path = Customer.swift; sourceTree = "<group>"; };
		842C0245244DCFAF00CA2BF5 /* TableViewCell.swift */ = {isa = PBXFileReference; lastKnownFileType = sourcecode.swift; path = TableViewCell.swift; sourceTree = "<group>"; };
		842C0246244DCFAF00CA2BF5 /* TableViewCell.xib */ = {isa = PBXFileReference; lastKnownFileType = file.xib; path = TableViewCell.xib; sourceTree = "<group>"; };
		842C024A244DD73000CA2BF5 /* CustomerManager.swift */ = {isa = PBXFileReference; lastKnownFileType = sourcecode.swift; path = CustomerManager.swift; sourceTree = "<group>"; };
		842C024C244DD75200CA2BF5 /* Constant.swift */ = {isa = PBXFileReference; lastKnownFileType = sourcecode.swift; path = Constant.swift; sourceTree = "<group>"; };
		842C024F244DDFF400CA2BF5 /* Login.swift */ = {isa = PBXFileReference; lastKnownFileType = sourcecode.swift; path = Login.swift; sourceTree = "<group>"; };
		842C0251244DE02600CA2BF5 /* LoginManager.swift */ = {isa = PBXFileReference; lastKnownFileType = sourcecode.swift; path = LoginManager.swift; sourceTree = "<group>"; };
		842C0255244E040500CA2BF5 /* CustomerViewController.swift */ = {isa = PBXFileReference; lastKnownFileType = sourcecode.swift; path = CustomerViewController.swift; sourceTree = "<group>"; };
		B556E20DF09FEEFD248DB420 /* Pods-P3L_Kouvee_Remake.debug.xcconfig */ = {isa = PBXFileReference; includeInIndex = 1; lastKnownFileType = text.xcconfig; name = "Pods-P3L_Kouvee_Remake.debug.xcconfig"; path = "Target Support Files/Pods-P3L_Kouvee_Remake/Pods-P3L_Kouvee_Remake.debug.xcconfig"; sourceTree = "<group>"; };
/* End PBXFileReference section */

/* Begin PBXFrameworksBuildPhase section */
		842C0226244DC36800CA2BF5 /* Frameworks */ = {
			isa = PBXFrameworksBuildPhase;
			buildActionMask = 2147483647;
			files = (
				5DA090765F1638C9459F4B70 /* Pods_P3L_Kouvee_Remake.framework in Frameworks */,
			);
			runOnlyForDeploymentPostprocessing = 0;
		};
/* End PBXFrameworksBuildPhase section */

/* Begin PBXGroup section */
		10E80463D5555609807A1B5C /* Frameworks */ = {
			isa = PBXGroup;
			children = (
				23869D0AF4F6D5EC75B545EA /* Pods_P3L_Kouvee_Remake.framework */,
			);
			name = Frameworks;
			sourceTree = "<group>";
		};
		842C0220244DC36800CA2BF5 = {
			isa = PBXGroup;
			children = (
				842C022B244DC36800CA2BF5 /* P3L_Kouvee_Remake */,
				842C022A244DC36800CA2BF5 /* Products */,
				B6580A09FF6979897F4F5922 /* Pods */,
				10E80463D5555609807A1B5C /* Frameworks */,
			);
			sourceTree = "<group>";
		};
		842C022A244DC36800CA2BF5 /* Products */ = {
			isa = PBXGroup;
			children = (
				842C0229244DC36800CA2BF5 /* P3L_Kouvee_Remake.app */,
			);
			name = Products;
			sourceTree = "<group>";
		};
		842C022B244DC36800CA2BF5 /* P3L_Kouvee_Remake */ = {
			isa = PBXGroup;
			children = (
				842C024E244DDFDC00CA2BF5 /* Login */,
				842C0242244DCD5300CA2BF5 /* Model */,
				842C0240244DCD2C00CA2BF5 /* Controller */,
				842C0241244DCD4B00CA2BF5 /* View */,
				842C022C244DC36800CA2BF5 /* AppDelegate.swift */,
				842C022E244DC36800CA2BF5 /* SceneDelegate.swift */,
				842C0235244DC36B00CA2BF5 /* Assets.xcassets */,
				842C0237244DC36B00CA2BF5 /* LaunchScreen.storyboard */,
				842C023A244DC36B00CA2BF5 /* Info.plist */,
				842C024C244DD75200CA2BF5 /* Constant.swift */,
			);
			path = P3L_Kouvee_Remake;
			sourceTree = "<group>";
		};
		842C0240244DCD2C00CA2BF5 /* Controller */ = {
			isa = PBXGroup;
			children = (
				842C0257244E040900CA2BF5 /* Customer */,
				842C0230244DC36800CA2BF5 /* LoginViewController.swift */,
			);
			path = Controller;
			sourceTree = "<group>";
		};
		842C0241244DCD4B00CA2BF5 /* View */ = {
			isa = PBXGroup;
			children = (
				842C0232244DC36800CA2BF5 /* Main.storyboard */,
				842C0249244DCFB400CA2BF5 /* TableViewCell */,
			);
			path = View;
			sourceTree = "<group>";
		};
		842C0242244DCD5300CA2BF5 /* Model */ = {
			isa = PBXGroup;
			children = (
				842C0243244DCE5200CA2BF5 /* Customer.swift */,
				842C024A244DD73000CA2BF5 /* CustomerManager.swift */,
			);
			path = Model;
			sourceTree = "<group>";
		};
		842C0249244DCFB400CA2BF5 /* TableViewCell */ = {
			isa = PBXGroup;
			children = (
				842C0245244DCFAF00CA2BF5 /* TableViewCell.swift */,
				842C0246244DCFAF00CA2BF5 /* TableViewCell.xib */,
			);
			path = TableViewCell;
			sourceTree = "<group>";
		};
		842C024E244DDFDC00CA2BF5 /* Login */ = {
			isa = PBXGroup;
			children = (
				842C024F244DDFF400CA2BF5 /* Login.swift */,
				842C0251244DE02600CA2BF5 /* LoginManager.swift */,
			);
			path = Login;
			sourceTree = "<group>";
		};
		842C0257244E040900CA2BF5 /* Customer */ = {
			isa = PBXGroup;
			children = (
				842C0255244E040500CA2BF5 /* CustomerViewController.swift */,
			);
			path = Customer;
			sourceTree = "<group>";
		};
		B6580A09FF6979897F4F5922 /* Pods */ = {
			isa = PBXGroup;
			children = (
				B556E20DF09FEEFD248DB420 /* Pods-P3L_Kouvee_Remake.debug.xcconfig */,
				645D7A488FFC6B5493A049EE /* Pods-P3L_Kouvee_Remake.release.xcconfig */,
			);
			path = Pods;
			sourceTree = "<group>";
		};
/* End PBXGroup section */

/* Begin PBXNativeTarget section */
		842C0228244DC36800CA2BF5 /* P3L_Kouvee_Remake */ = {
			isa = PBXNativeTarget;
			buildConfigurationList = 842C023D244DC36B00CA2BF5 /* Build configuration list for PBXNativeTarget "P3L_Kouvee_Remake" */;
			buildPhases = (
				E7AFFC92EF55D87C77E760A8 /* [CP] Check Pods Manifest.lock */,
				842C0225244DC36800CA2BF5 /* Sources */,
				842C0226244DC36800CA2BF5 /* Frameworks */,
				842C0227244DC36800CA2BF5 /* Resources */,
				80321D356BAACEAEA1C9898A /* [CP] Embed Pods Frameworks */,
			);
			buildRules = (
			);
			dependencies = (
			);
			name = P3L_Kouvee_Remake;
			productName = P3L_Kouvee_Remake;
			productReference = 842C0229244DC36800CA2BF5 /* P3L_Kouvee_Remake.app */;
			productType = "com.apple.product-type.application";
		};
/* End PBXNativeTarget section */

/* Begin PBXProject section */
		842C0221244DC36800CA2BF5 /* Project object */ = {
			isa = PBXProject;
			attributes = {
				LastSwiftUpdateCheck = 1140;
				LastUpgradeCheck = 1140;
				ORGANIZATIONNAME = Admin;
				TargetAttributes = {
					842C0228244DC36800CA2BF5 = {
						CreatedOnToolsVersion = 11.4.1;
					};
				};
			};
			buildConfigurationList = 842C0224244DC36800CA2BF5 /* Build configuration list for PBXProject "P3L_Kouvee_Remake" */;
			compatibilityVersion = "Xcode 9.3";
			developmentRegion = en;
			hasScannedForEncodings = 0;
			knownRegions = (
				en,
				Base,
			);
			mainGroup = 842C0220244DC36800CA2BF5;
			productRefGroup = 842C022A244DC36800CA2BF5 /* Products */;
			projectDirPath = "";
			projectRoot = "";
			targets = (
				842C0228244DC36800CA2BF5 /* P3L_Kouvee_Remake */,
			);
		};
/* End PBXProject section */

/* Begin PBXResourcesBuildPhase section */
		842C0227244DC36800CA2BF5 /* Resources */ = {
			isa = PBXResourcesBuildPhase;
			buildActionMask = 2147483647;
			files = (
				842C0239244DC36B00CA2BF5 /* LaunchScreen.storyboard in Resources */,
				842C0248244DCFAF00CA2BF5 /* TableViewCell.xib in Resources */,
				842C0236244DC36B00CA2BF5 /* Assets.xcassets in Resources */,
				842C0234244DC36800CA2BF5 /* Main.storyboard in Resources */,
			);
			runOnlyForDeploymentPostprocessing = 0;
		};
/* End PBXResourcesBuildPhase section */

/* Begin PBXShellScriptBuildPhase section */
		80321D356BAACEAEA1C9898A /* [CP] Embed Pods Frameworks */ = {
			isa = PBXShellScriptBuildPhase;
			buildActionMask = 2147483647;
			files = (
			);
			inputFileListPaths = (
				"${PODS_ROOT}/Target Support Files/Pods-P3L_Kouvee_Remake/Pods-P3L_Kouvee_Remake-frameworks-${CONFIGURATION}-input-files.xcfilelist",
			);
			name = "[CP] Embed Pods Frameworks";
			outputFileListPaths = (
				"${PODS_ROOT}/Target Support Files/Pods-P3L_Kouvee_Remake/Pods-P3L_Kouvee_Remake-frameworks-${CONFIGURATION}-output-files.xcfilelist",
			);
			runOnlyForDeploymentPostprocessing = 0;
			shellPath = /bin/sh;
			shellScript = "\"${PODS_ROOT}/Target Support Files/Pods-P3L_Kouvee_Remake/Pods-P3L_Kouvee_Remake-frameworks.sh\"\n";
			showEnvVarsInLog = 0;
		};
		E7AFFC92EF55D87C77E760A8 /* [CP] Check Pods Manifest.lock */ = {
			isa = PBXShellScriptBuildPhase;
			buildActionMask = 2147483647;
			files = (
			);
			inputFileListPaths = (
			);
			inputPaths = (
				"${PODS_PODFILE_DIR_PATH}/Podfile.lock",
				"${PODS_ROOT}/Manifest.lock",
			);
			name = "[CP] Check Pods Manifest.lock";
			outputFileListPaths = (
			);
			outputPaths = (
				"$(DERIVED_FILE_DIR)/Pods-P3L_Kouvee_Remake-checkManifestLockResult.txt",
			);
			runOnlyForDeploymentPostprocessing = 0;
			shellPath = /bin/sh;
			shellScript = "diff \"${PODS_PODFILE_DIR_PATH}/Podfile.lock\" \"${PODS_ROOT}/Manifest.lock\" > /dev/null\nif [ $? != 0 ] ; then\n    # print error to STDERR\n    echo \"error: The sandbox is not in sync with the Podfile.lock. Run 'pod install' or update your CocoaPods installation.\" >&2\n    exit 1\nfi\n# This output is used by Xcode 'outputs' to avoid re-running this script phase.\necho \"SUCCESS\" > \"${SCRIPT_OUTPUT_FILE_0}\"\n";
			showEnvVarsInLog = 0;
		};
/* End PBXShellScriptBuildPhase section */

/* Begin PBXSourcesBuildPhase section */
		842C0225244DC36800CA2BF5 /* Sources */ = {
			isa = PBXSourcesBuildPhase;
			buildActionMask = 2147483647;
			files = (
				842C024D244DD75200CA2BF5 /* Constant.swift in Sources */,
				842C0247244DCFAF00CA2BF5 /* TableViewCell.swift in Sources */,
				842C0256244E040500CA2BF5 /* CustomerViewController.swift in Sources */,
				842C0231244DC36800CA2BF5 /* LoginViewController.swift in Sources */,
				842C022D244DC36800CA2BF5 /* AppDelegate.swift in Sources */,
				842C022F244DC36800CA2BF5 /* SceneDelegate.swift in Sources */,
				842C0252244DE02600CA2BF5 /* LoginManager.swift in Sources */,
				842C0244244DCE5200CA2BF5 /* Customer.swift in Sources */,
				842C024B244DD73000CA2BF5 /* CustomerManager.swift in Sources */,
				842C0250244DDFF400CA2BF5 /* Login.swift in Sources */,
			);
			runOnlyForDeploymentPostprocessing = 0;
		};
/* End PBXSourcesBuildPhase section */

/* Begin PBXVariantGroup section */
		842C0232244DC36800CA2BF5 /* Main.storyboard */ = {
			isa = PBXVariantGroup;
			children = (
				842C0233244DC36800CA2BF5 /* Base */,
			);
			name = Main.storyboard;
			sourceTree = "<group>";
		};
		842C0237244DC36B00CA2BF5 /* LaunchScreen.storyboard */ = {
			isa = PBXVariantGroup;
			children = (
				842C0238244DC36B00CA2BF5 /* Base */,
			);
			name = LaunchScreen.storyboard;
			sourceTree = "<group>";
		};
/* End PBXVariantGroup section */

/* Begin XCBuildConfiguration section */
		842C023B244DC36B00CA2BF5 /* Debug */ = {
			isa = XCBuildConfiguration;
			buildSettings = {
				ALWAYS_SEARCH_USER_PATHS = NO;
				CLANG_ANALYZER_NONNULL = YES;
				CLANG_ANALYZER_NUMBER_OBJECT_CONVERSION = YES_AGGRESSIVE;
				CLANG_CXX_LANGUAGE_STANDARD = "gnu++14";
				CLANG_CXX_LIBRARY = "libc++";
				CLANG_ENABLE_MODULES = YES;
				CLANG_ENABLE_OBJC_ARC = YES;
				CLANG_ENABLE_OBJC_WEAK = YES;
				CLANG_WARN_BLOCK_CAPTURE_AUTORELEASING = YES;
				CLANG_WARN_BOOL_CONVERSION = YES;
				CLANG_WARN_COMMA = YES;
				CLANG_WARN_CONSTANT_CONVERSION = YES;
				CLANG_WARN_DEPRECATED_OBJC_IMPLEMENTATIONS = YES;
				CLANG_WARN_DIRECT_OBJC_ISA_USAGE = YES_ERROR;
				CLANG_WARN_DOCUMENTATION_COMMENTS = YES;
				CLANG_WARN_EMPTY_BODY = YES;
				CLANG_WARN_ENUM_CONVERSION = YES;
				CLANG_WARN_INFINITE_RECURSION = YES;
				CLANG_WARN_INT_CONVERSION = YES;
				CLANG_WARN_NON_LITERAL_NULL_CONVERSION = YES;
				CLANG_WARN_OBJC_IMPLICIT_RETAIN_SELF = YES;
				CLANG_WARN_OBJC_LITERAL_CONVERSION = YES;
				CLANG_WARN_OBJC_ROOT_CLASS = YES_ERROR;
				CLANG_WARN_RANGE_LOOP_ANALYSIS = YES;
				CLANG_WARN_STRICT_PROTOTYPES = YES;
				CLANG_WARN_SUSPICIOUS_MOVE = YES;
				CLANG_WARN_UNGUARDED_AVAILABILITY = YES_AGGRESSIVE;
				CLANG_WARN_UNREACHABLE_CODE = YES;
				CLANG_WARN__DUPLICATE_METHOD_MATCH = YES;
				COPY_PHASE_STRIP = NO;
				DEBUG_INFORMATION_FORMAT = dwarf;
				ENABLE_STRICT_OBJC_MSGSEND = YES;
				ENABLE_TESTABILITY = YES;
				GCC_C_LANGUAGE_STANDARD = gnu11;
				GCC_DYNAMIC_NO_PIC = NO;
				GCC_NO_COMMON_BLOCKS = YES;
				GCC_OPTIMIZATION_LEVEL = 0;
				GCC_PREPROCESSOR_DEFINITIONS = (
					"DEBUG=1",
					"$(inherited)",
				);
				GCC_WARN_64_TO_32_BIT_CONVERSION = YES;
				GCC_WARN_ABOUT_RETURN_TYPE = YES_ERROR;
				GCC_WARN_UNDECLARED_SELECTOR = YES;
				GCC_WARN_UNINITIALIZED_AUTOS = YES_AGGRESSIVE;
				GCC_WARN_UNUSED_FUNCTION = YES;
				GCC_WARN_UNUSED_VARIABLE = YES;
				IPHONEOS_DEPLOYMENT_TARGET = 13.4;
				MTL_ENABLE_DEBUG_INFO = INCLUDE_SOURCE;
				MTL_FAST_MATH = YES;
				ONLY_ACTIVE_ARCH = YES;
				SDKROOT = iphoneos;
				SWIFT_ACTIVE_COMPILATION_CONDITIONS = DEBUG;
				SWIFT_OPTIMIZATION_LEVEL = "-Onone";
			};
			name = Debug;
		};
		842C023C244DC36B00CA2BF5 /* Release */ = {
			isa = XCBuildConfiguration;
			buildSettings = {
				ALWAYS_SEARCH_USER_PATHS = NO;
				CLANG_ANALYZER_NONNULL = YES;
				CLANG_ANALYZER_NUMBER_OBJECT_CONVERSION = YES_AGGRESSIVE;
				CLANG_CXX_LANGUAGE_STANDARD = "gnu++14";
				CLANG_CXX_LIBRARY = "libc++";
				CLANG_ENABLE_MODULES = YES;
				CLANG_ENABLE_OBJC_ARC = YES;
				CLANG_ENABLE_OBJC_WEAK = YES;
				CLANG_WARN_BLOCK_CAPTURE_AUTORELEASING = YES;
				CLANG_WARN_BOOL_CONVERSION = YES;
				CLANG_WARN_COMMA = YES;
				CLANG_WARN_CONSTANT_CONVERSION = YES;
				CLANG_WARN_DEPRECATED_OBJC_IMPLEMENTATIONS = YES;
				CLANG_WARN_DIRECT_OBJC_ISA_USAGE = YES_ERROR;
				CLANG_WARN_DOCUMENTATION_COMMENTS = YES;
				CLANG_WARN_EMPTY_BODY = YES;
				CLANG_WARN_ENUM_CONVERSION = YES;
				CLANG_WARN_INFINITE_RECURSION = YES;
				CLANG_WARN_INT_CONVERSION = YES;
				CLANG_WARN_NON_LITERAL_NULL_CONVERSION = YES;
				CLANG_WARN_OBJC_IMPLICIT_RETAIN_SELF = YES;
				CLANG_WARN_OBJC_LITERAL_CONVERSION = YES;
				CLANG_WARN_OBJC_ROOT_CLASS = YES_ERROR;
				CLANG_WARN_RANGE_LOOP_ANALYSIS = YES;
				CLANG_WARN_STRICT_PROTOTYPES = YES;
				CLANG_WARN_SUSPICIOUS_MOVE = YES;
				CLANG_WARN_UNGUARDED_AVAILABILITY = YES_AGGRESSIVE;
				CLANG_WARN_UNREACHABLE_CODE = YES;
				CLANG_WARN__DUPLICATE_METHOD_MATCH = YES;
				COPY_PHASE_STRIP = NO;
				DEBUG_INFORMATION_FORMAT = "dwarf-with-dsym";
				ENABLE_NS_ASSERTIONS = NO;
				ENABLE_STRICT_OBJC_MSGSEND = YES;
				GCC_C_LANGUAGE_STANDARD = gnu11;
				GCC_NO_COMMON_BLOCKS = YES;
				GCC_WARN_64_TO_32_BIT_CONVERSION = YES;
				GCC_WARN_ABOUT_RETURN_TYPE = YES_ERROR;
				GCC_WARN_UNDECLARED_SELECTOR = YES;
				GCC_WARN_UNINITIALIZED_AUTOS = YES_AGGRESSIVE;
				GCC_WARN_UNUSED_FUNCTION = YES;
				GCC_WARN_UNUSED_VARIABLE = YES;
				IPHONEOS_DEPLOYMENT_TARGET = 13.4;
				MTL_ENABLE_DEBUG_INFO = NO;
				MTL_FAST_MATH = YES;
				SDKROOT = iphoneos;
				SWIFT_COMPILATION_MODE = wholemodule;
				SWIFT_OPTIMIZATION_LEVEL = "-O";
				VALIDATE_PRODUCT = YES;
			};
			name = Release;
		};
		842C023E244DC36B00CA2BF5 /* Debug */ = {
			isa = XCBuildConfiguration;
			baseConfigurationReference = B556E20DF09FEEFD248DB420 /* Pods-P3L_Kouvee_Remake.debug.xcconfig */;
			buildSettings = {
				ASSETCATALOG_COMPILER_APPICON_NAME = AppIcon;
				CODE_SIGN_STYLE = Automatic;
				INFOPLIST_FILE = P3L_Kouvee_Remake/Info.plist;
				LD_RUNPATH_SEARCH_PATHS = (
					"$(inherited)",
					"@executable_path/Frameworks",
				);
				PRODUCT_BUNDLE_IDENTIFIER = "www.dicoding.com.P3L-Kouvee-Remake";
				PRODUCT_NAME = "$(TARGET_NAME)";
				SWIFT_VERSION = 5.0;
				TARGETED_DEVICE_FAMILY = "1,2";
			};
			name = Debug;
		};
		842C023F244DC36B00CA2BF5 /* Release */ = {
			isa = XCBuildConfiguration;
			baseConfigurationReference = 645D7A488FFC6B5493A049EE /* Pods-P3L_Kouvee_Remake.release.xcconfig */;
			buildSettings = {
				ASSETCATALOG_COMPILER_APPICON_NAME = AppIcon;
				CODE_SIGN_STYLE = Automatic;
				INFOPLIST_FILE = P3L_Kouvee_Remake/Info.plist;
				LD_RUNPATH_SEARCH_PATHS = (
					"$(inherited)",
					"@executable_path/Frameworks",
				);
				PRODUCT_BUNDLE_IDENTIFIER = "www.dicoding.com.P3L-Kouvee-Remake";
				PRODUCT_NAME = "$(TARGET_NAME)";
				SWIFT_VERSION = 5.0;
				TARGETED_DEVICE_FAMILY = "1,2";
			};
			name = Release;
		};
/* End XCBuildConfiguration section */

/* Begin XCConfigurationList section */
		842C0224244DC36800CA2BF5 /* Build configuration list for PBXProject "P3L_Kouvee_Remake" */ = {
			isa = XCConfigurationList;
			buildConfigurations = (
				842C023B244DC36B00CA2BF5 /* Debug */,
				842C023C244DC36B00CA2BF5 /* Release */,
			);
			defaultConfigurationIsVisible = 0;
			defaultConfigurationName = Release;
		};
		842C023D244DC36B00CA2BF5 /* Build configuration list for PBXNativeTarget "P3L_Kouvee_Remake" */ = {
			isa = XCConfigurationList;
			buildConfigurations = (
				842C023E244DC36B00CA2BF5 /* Debug */,
				842C023F244DC36B00CA2BF5 /* Release */,
			);
			defaultConfigurationIsVisible = 0;
			defaultConfigurationName = Release;
		};
/* End XCConfigurationList section */
	};
	rootObject = 842C0221244DC36800CA2BF5 /* Project object */;
}
